<?xml version="1.0" encoding="utf-8"?>
<Project ToolsVersion="4.0" xmlns="http://schemas.microsoft.com/developer/msbuild/2003">
  <ItemGroup>
    <Filter Include="Source Files">
      <UniqueIdentifier>{4FC737F1-C7A5-4376-A066-2A32D752A2FF}</UniqueIdentifier>
      <Extensions>cpp;c;cc;cxx;def;odl;idl;hpj;bat;asm;asmx</Extensions>
    </Filter>
    <Filter Include="Header Files">
      <UniqueIdentifier>{93995380-89BD-4b04-88EB-625FBE52EBFB}</UniqueIdentifier>
      <Extensions>h;hh;hpp;hxx;hm;inl;inc;xsd</Extensions>
    </Filter>
    <Filter Include="Resource Files">
      <UniqueIdentifier>{67DA6AB6-F800-4c08-8B7A-83BB121AAD01}</UniqueIdentifier>
      <Extensions>rc;ico;cur;bmp;dlg;rc2;rct;bin;rgs;gif;jpg;jpeg;jpe;resx;tiff;tif;png;wav;mfcribbon-ms</Extensions>
    </Filter>
    <Filter Include="Header Files\common">
      <UniqueIdentifier>{94bea56e-c95e-4417-941d-4fdf93a7d286}</UniqueIdentifier>
    </Filter>
    <Filter Include="Source Files\common">
      <UniqueIdentifier>{2248bd44-4bd6-43f3-a77e-9a94cff7b8a7}</UniqueIdentifier>
    </Filter>
    <Filter Include="Header Files\common\gx">
      <UniqueIdentifier>{fc28c593-b460-4a1e-8353-685ffd888533}</UniqueIdentifier>
    </Filter>
    <Filter Include="Source Files\common\gx">
      <UniqueIdentifier>{e4c264d2-b352-4bcd-8354-4b326015156d}</UniqueIdentifier>
    </Filter>
  </ItemGroup>
  <ItemGroup>
    <ClCompile Include="egavscanner.cpp">
      <Filter>Source Files</Filter>
    </ClCompile>
    <ClCompile Include="..\EGAntiVirus\common.cpp">
      <Filter>Source Files\common</Filter>
    </ClCompile>
    <ClCompile Include="..\EGAntiVirus\scanner.cpp">
      <Filter>Source Files\common</Filter>
    </ClCompile>
    <ClCompile Include="..\EGAntiVirus\avmsgebox.cpp">
      <Filter>Source Files\common</Filter>
    </ClCompile>
    <ClCompile Include="..\EGAntiVirus\egavicon.cpp">
      <Filter>Source Files\common</Filter>
    </ClCompile>
    <ClCompile Include="..\EGAntiVirus\scancmds.cpp">
      <Filter>Source Files\common</Filter>
    </ClCompile>
    <ClCompile Include="..\EGAntiVirus\avdb.cpp">
      <Filter>Source Files\common</Filter>
    </ClCompile>
    <ClCompile Include="..\EGAntiVirus\uniqid.cpp">
      <Filter>Source Files\common</Filter>
    </ClCompile>
    <ClCompile Include="..\EGAntiVirus\gxfunctions.cpp">
      <Filter>Source Files\common\gx</Filter>
    </ClCompile>
    <ClCompile Include="..\EGAntiVirus\VirusDetails.cpp">
      <Filter>Source Files\common</Filter>
    </ClCompile>
    <ClCompile Include="..\EGAntiVirus\gxTextCtrlURL.cpp">
      <Filter>Source Files\common\gx</Filter>
    </ClCompile>
    <ClCompile Include="..\EGAntiVirus\SendMsgToService.cpp">
      <Filter>Source Files</Filter>
    </ClCompile>
    <ClCompile Include="..\EGAntiVirus\egavsetgetdb.cpp">
      <Filter>Source Files</Filter>
    </ClCompile>
    <ClCompile Include="..\EGAntiVirus\lastline.cpp">
      <Filter>Source Files</Filter>
    </ClCompile>
  </ItemGroup>
  <ItemGroup>
    <ClInclude Include="egavscanner.h">
      <Filter>Header Files</Filter>
    </ClInclude>
    <ClInclude Include="..\EGAntiVirus\common.h">
      <Filter>Header Files\common</Filter>
    </ClInclude>
    <ClInclude Include="..\EGAntiVirus\scanner.h">
      <Filter>Header Files\common</Filter>
    </ClInclude>
    <ClInclude Include="..\EGAntiVirus\avmsgebox.h">
      <Filter>Header Files\common</Filter>
    </ClInclude>
    <ClInclude Include="..\EGAntiVirus\avtheme.h">
      <Filter>Header Files\common</Filter>
    </ClInclude>
    <ClInclude Include="..\EGAntiVirus\egavicon.h">
      <Filter>Header Files\common</Filter>
    </ClInclude>
    <ClInclude Include="..\EGAntiVirus\scancmds.h">
      <Filter>Header Files\common</Filter>
    </ClInclude>
    <ClInclude Include="..\EGAntiVirus\avdb.h">
      <Filter>Header Files\common</Filter>
    </ClInclude>
    <ClInclude Include="resource.h">
      <Filter>Header Files</Filter>
    </ClInclude>
    <ClInclude Include="..\EGAntiVirus\uniqid.h">
      <Filter>Header Files\common</Filter>
    </ClInclude>
    <ClInclude Include="..\EGAntiVirus\gxfunctions.h">
      <Filter>Header Files\common\gx</Filter>
    </ClInclude>
    <ClInclude Include="..\EGAntiVirus\VirusDetails.h">
      <Filter>Header Files\common</Filter>
    </ClInclude>
    <ClInclude Include="..\EGAntiVirus\gxButton.h">
      <Filter>Header Files\common\gx</Filter>
    </ClInclude>
    <ClInclude Include="..\EGAntiVirus\gxTextCtrlURL.h">
      <Filter>Header Files\common\gx</Filter>
    </ClInclude>
    <ClInclude Include="..\EGAntiVirus\SendMsgToService.h">
      <Filter>Header Files</Filter>
    </ClInclude>
    <ClInclude Include="..\EGAntiVirus\egavsetgetdb.h">
      <Filter>Header Files</Filter>
    </ClInclude>
    <ClInclude Include="..\EGAntiVirus\lastline.h">
      <Filter>Header Files</Filter>
    </ClInclude>
  </ItemGroup>
  <ItemGroup>
    <ResourceCompile Include="egavscanner.rc">
      <Filter>Resource Files</Filter>
    </ResourceCompile>
  </ItemGroup>
</Project>